{
  "object": {
    "pins": [
      {
        "package": "KeychainItemWrapper",
        "repositoryURL": "https://github.com/shaokui-gu/KeychainItemWrapper.git",
        "state": {
          "branch": null,
          "revision": "eea3843a0a3bdc99ecc321385c76d04b3ce36d0d",
          "version": "0.0.2"
        }
      },
      {
        "package": "MBProgressHUD",
        "repositoryURL": "https://github.com/jdg/MBProgressHUD.git",
        "state": {
          "branch": null,
          "revision": "bca42b801100b2b3a4eda0ba8dd33d858c780b0d",
          "version": "1.2.0"
        }
      },
      {
        "package": "OpenUDID",
        "repositoryURL": "https://github.com/shaokui-gu/OpenUDID.git",
        "state": {
          "branch": null,
          "revision": "6ce92d2d9e47ea78626f44196ef861903c75af1c",
          "version": "1.0.1"
        }
      }
    ]
  },
  "version": 1
}
