{
  "object": {
    "pins": [
      {
        "package": "OpenUDID",
        "repositoryURL": "https://github.com/shaokui-gu/OpenUDID.git",
        "state": {
          "branch": null,
          "revision": "6ce92d2d9e47ea78626f44196ef861903c75af1c",
          "version": "1.0.1"
        }
      }
    ]
  },
  "version": 1
}
